# THIS IS AN AUTOGENERATED FILE. DO NOT EDIT THIS FILE DIRECTLY.
# yarn lockfile v1


mobx-state-tree@^5.0.1:
  version "5.0.1"
  resolved "https://registry.yarnpkg.com/mobx-state-tree/-/mobx-state-tree-5.0.1.tgz#d495725fe11075d8fde8f02ab65db6736b44e014"
  integrity sha512-XZafwF1sJe6sp8L1kgf9Tz0SLo/UPf2pxsonnHaBQNsqbebw+0GC+IT3WxPEIe0/aQ73q4nY4SRgW1uyfd1KRA==

mobx@^6.2.0:
  version "6.2.0"
  resolved "https://registry.yarnpkg.com/mobx/-/mobx-6.2.0.tgz#9a5afe3525a0302691c7805d0df6ef60834d79e5"
  integrity sha512-j5f16JIq2v4flvYCqaAB9tMtJt/y5efR2OO5Xy+w4/MBMeQ1WeGR0T8BtiNgmxM/OQzPFUKb5DTex9Y8a/yk+g==

typescript@^4.2.4:
  version "4.2.4"
  resolved "https://registry.yarnpkg.com/typescript/-/typescript-4.2.4.tgz#8610b59747de028fda898a8aef0e103f156d0961"
  integrity sha512-V+evlYHZnQkaz8TRBuxTA92yZBPotr5H+WhQ7bD3hZUndx5tGOa1fuCgeSjxAzM1RiN5IzvadIXTVefuuwZCRg==
