# THIS IS AN AUTOGENERATED FILE. DO NOT EDIT THIS FILE DIRECTLY.
# yarn lockfile v1


mobx-state-tree@3:
  version "3.17.3"
  resolved "https://registry.yarnpkg.com/mobx-state-tree/-/mobx-state-tree-3.17.3.tgz#e9c40dca17e7b72ad01270852a516145bf6b6c72"
  integrity sha512-ph4ee/Lh1qUJqHEGkfdWdBAUGdG+VAu7xZbYX/+4qem5hSSpdeZYAJOcN3bhtgEH8Wh/ZxRpQVOLM0aMFXfBSw==

mobx@5:
  version "5.15.7"
  resolved "https://registry.yarnpkg.com/mobx/-/mobx-5.15.7.tgz#b9a5f2b6251f5d96980d13c78e9b5d8d4ce22665"
  integrity sha512-wyM3FghTkhmC+hQjyPGGFdpehrcX1KOXsDuERhfK2YbJemkUhEB+6wzEN639T21onxlfYBmriA1PFnvxTUhcKw==

typescript@3.9.3:
  version "3.9.3"
  resolved "https://registry.yarnpkg.com/typescript/-/typescript-3.9.3.tgz#d3ac8883a97c26139e42df5e93eeece33d610b8a"
  integrity sha512-D/wqnB2xzNFIcoBG9FG8cXRDjiqSTbG2wd8DMZeQyJlP1vfTkIxH4GKveWaEBYySKIg+USu+E+EDIR47SqnaMQ==
